{
  "pins" : [
    {
      "identity" : "ios-ble-library",
      "kind" : "remoteSourceControl",
      "location" : "https://github.com/NordicSemiconductor/IOS-BLE-Library",
      "state" : {
        "revision" : "4f3e4987f41e0558c6fdc1e8407eb92c59ae0eff",
        "version" : "0.4.5"
      }
    },
    {
      "identity" : "ios-common-libraries",
      "kind" : "remoteSourceControl",
      "location" : "https://github.com/nordicsemi/IOS-Common-Libraries",
      "state" : {
        "revision" : "8e6e4c117fc0bd4b8e856501002740ebe0ff4088",
        "version" : "0.2.5"
      }
    },
    {
      "identity" : "ios-corebluetooth-mock",
      "kind" : "remoteSourceControl",
      "location" : "https://github.com/nordicsemi/IOS-CoreBluetooth-Mock.git",
      "state" : {
        "revision" : "5748c9e8b1750e0d7bc09243c099ff618f211cdf",
        "version" : "1.0.6"
      }
    },
    {
      "identity" : "ios-nrf-connect-device-manager",
      "kind" : "remoteSourceControl",
      "location" : "https://github.com/nordicsemi/IOS-nRF-Connect-Device-Manager.git",
      "state" : {
        "revision" : "1e5fd4b11243e947c8121c2ea9aa8da70b605d42",
        "version" : "1.14.7"
      }
    },
    {
      "identity" : "swift-protobuf",
      "kind" : "remoteSourceControl",
      "location" : "https://github.com/apple/swift-protobuf.git",
      "state" : {
        "revision" : "55d7a1cc5666b85c13464aea1c4b4a90feccb4c8",
        "version" : "1.38.1"
      }
    },
    {
      "identity" : "swiftcbor",
      "kind" : "remoteSourceControl",
      "location" : "https://github.com/valpackett/SwiftCBOR.git",
      "state" : {
        "revision" : "fd929a6d8f7651ce0f63fc99397fd5762358cc29",
        "version" : "0.6.0"
      }
    },
    {
      "identity" : "zipfoundation",
      "kind" : "remoteSourceControl",
      "location" : "https://github.com/weichsel/ZIPFoundation.git",
      "state" : {
        "revision" : "22787ffb59de99e5dc1fbfe80b19c97a904ad48d",
        "version" : "0.9.20"
      }
    }
  ],
  "version" : 2
}
