PODS:
  - Flutter (1.0.0)
  - iOSMcuManagerLibrary (1.12):
    - SwiftCBOR (= 0.5.0)
    - ZIPFoundation (= 0.9.19)
  - mcumgr_flutter (0.9.0):
    - Flutter
    - FlutterMacOS
    - iOSMcuManagerLibrary (= 1.12)
    - SwiftProtobuf
  - SwiftCBOR (0.5.0)
  - SwiftProtobuf (1.36.1)
  - ZIPFoundation (0.9.19)

DEPENDENCIES:
  - Flutter (from `Flutter`)
  - mcumgr_flutter (from `.symlinks/plugins/mcumgr_flutter/darwin`)

SPEC REPOS:
  trunk:
    - iOSMcuManagerLibrary
    - SwiftCBOR
    - SwiftProtobuf
    - ZIPFoundation

EXTERNAL SOURCES:
  Flutter:
    :path: Flutter
  mcumgr_flutter:
    :path: ".symlinks/plugins/mcumgr_flutter/darwin"

SPEC CHECKSUMS:
  Flutter: cabc95a1d2626b1b06e7179b784ebcf0c0cde467
  iOSMcuManagerLibrary: f72db849f6dd66b1f26cd7eea776050a22c8591c
  mcumgr_flutter: b9864b2ae8334b6ba2b33f9ab4fc0a67bbe75c7a
  SwiftCBOR: aa87349b4ccddd19f861aa544f7c27d43dee5772
  SwiftProtobuf: 9e106a71456f4d3f6a3b0c8fd87ef0be085efc38
  ZIPFoundation: b8c29ea7ae353b309bc810586181fd073cb3312c

PODFILE CHECKSUM: cc1f88378b4bfcf93a6ce00d2c587857c6008d3b

COCOAPODS: 1.16.2
